
Microsoft Visual Studio Solution File, Format Version 12.00
# Visual Studio 15
VisualStudioVersion = 15.0.28010.2036
MinimumVisualStudioVersion = 10.0.40219.1
Project("{FAE04EC0-301F-11D3-BF4B-00C04F79EFBC}") = "RealtimeRendering", "RealtimeRendering\RealtimeRendering.csproj", "{4808198E-2612-4C10-9787-6ACE3F1650AF}"
EndProject
Global
	GlobalSection(SolutionConfigurationPlatforms) = preSolution
		Debug|Any CPU = Debug|Any CPU
		Release|Any CPU = Release|Any CPU
	EndGlobalSection
	GlobalSection(ProjectConfigurationPlatforms) = postSolution
		{4808198E-2612-4C10-9787-6ACE3F1650AF}.Debug|Any CPU.ActiveCfg = Debug|Any CPU
		{4808198E-2612-4C10-9787-6ACE3F1650AF}.Debug|Any CPU.Build.0 = Debug|Any CPU
		{4808198E-2612-4C10-9787-6ACE3F1650AF}.Release|Any CPU.ActiveCfg = Release|Any CPU
		{4808198E-2612-4C10-9787-6ACE3F1650AF}.Release|Any CPU.Build.0 = Release|Any CPU
	EndGlobalSection
	GlobalSection(SolutionProperties) = preSolution
		HideSolutionNode = FALSE
	EndGlobalSection
	GlobalSection(ExtensibilityGlobals) = postSolution
		SolutionGuid = {7519AC22-A0A2-44AF-B3AB-C7026C2C97A4}
	EndGlobalSection
EndGlobal
